github.com/jepsen-io/maelstrom/demo/go v0.0.0-20251128144731-cb7f07239012 h1:j2FpC/930Px9SWIn8lgzxEiEZOvaQ9EUs37+e1QCNLA=
github.com/jepsen-io/maelstrom/demo/go v0.0.0-20251128144731-cb7f07239012/go.mod h1:i6aVIs5AIOOaQF1lAisBm7DDeWM1Iopf+26UxjagsCU=
github.com/jepsen-io/maelstrom/demo/go v0.0.0-20260710121306-480a8197026d h1:QMYse2V36qMwlORKkra28XsjMuvN7Mox59tDwingabE=
github.com/jepsen-io/maelstrom/demo/go v0.0.0-20260710121306-480a8197026d/go.mod h1:i6aVIs5AIOOaQF1lAisBm7DDeWM1Iopf+26UxjagsCU=
